
Microsoft Visual Studio Solution File, Format Version 12.00
# Visual Studio for Mac
Project("{FAE04EC0-301F-11D3-BF4B-00C04F79EFBC}") = "FYP", "FYP.csproj", "{4D7BA9DC-63CF-1F20-D9E0-619BCC40302F}"
EndProject
Project("{FAE04EC0-301F-11D3-BF4B-00C04F79EFBC}") = "FYP.Editor", "FYP.Editor.csproj", "{577D796C-7C30-5E75-4333-45BD8AD128BC}"
EndProject
Global
	GlobalSection(SolutionConfigurationPlatforms) = preSolution
		Debug|Any CPU = Debug|Any CPU
		Release|Any CPU = Release|Any CPU
	EndGlobalSection
	GlobalSection(ProjectConfigurationPlatforms) = postSolution
		{4D7BA9DC-63CF-1F20-D9E0-619BCC40302F}.Debug|Any CPU.ActiveCfg = Debug|Any CPU
		{4D7BA9DC-63CF-1F20-D9E0-619BCC40302F}.Debug|Any CPU.Build.0 = Debug|Any CPU
		{4D7BA9DC-63CF-1F20-D9E0-619BCC40302F}.Release|Any CPU.ActiveCfg = Release|Any CPU
		{4D7BA9DC-63CF-1F20-D9E0-619BCC40302F}.Release|Any CPU.Build.0 = Release|Any CPU
		{577D796C-7C30-5E75-4333-45BD8AD128BC}.Debug|Any CPU.ActiveCfg = Debug|Any CPU
		{577D796C-7C30-5E75-4333-45BD8AD128BC}.Debug|Any CPU.Build.0 = Debug|Any CPU
		{577D796C-7C30-5E75-4333-45BD8AD128BC}.Release|Any CPU.ActiveCfg = Release|Any CPU
		{577D796C-7C30-5E75-4333-45BD8AD128BC}.Release|Any CPU.Build.0 = Release|Any CPU
	EndGlobalSection
	GlobalSection(SolutionProperties) = preSolution
		HideSolutionNode = FALSE
	EndGlobalSection
EndGlobal
